version = 1
revision = 3
requires-python = ">=3.11"

[[package]]
name = "colorama"
version = "0.4.6"
source = { registry = "https://pypi.org/simple" }
sdist = { url = "https://files.pythonhosted.org/packages/d8/53/6f443c9a4a8358a93a6792e2acffb9d9d5cb0a5cfd8802644b7b1c9a02e4/colorama-0.4.6.tar.gz", hash = "sha256:08695f5cb7ed6e0531a20572697297273c47b8cae5a63ffc6d6ed5c201be6e44", size = 27697, upload-time = "2022-10-25T02:36:22.414Z" }
wheels = [
    { url = "https://files.pythonhosted.org/packages/d1/d6/3965ed04c63042e047cb6a3e6ed1a63a35087b6a609aa3a15ed8ac56c221/colorama-0.4.6-py2.py3-none-any.whl", hash = "sha256:4f1d9991f5acc0ca119f9d443620b77f9d6b33703e51011c16baf57afb285fc6", size = 25335, upload-time = "2022-10-25T02:36:20.889Z" },
]

[[package]]
name = "hypothesis"
version = "6.156.1"
source = { registry = "https://pypi.org/simple" }
dependencies = [
    { name = "sortedcontainers" },
]
wheels = [
    { url = "https://files.pythonhosted.org/packages/29/0f/102b24707a8e383e659a6b087d7d1369fe3b4bdce9c669b01010c075b835/hypothesis-6.156.1-cp311-cp311-macosx_10_12_x86_64.whl", hash = "sha256:8063082444d4b75b437c8234cd5f5bcd26a25cb9a5db9d19c93dd9bc0b2094a0", size = 749167, upload-time = "2026-07-03T14:31:22.853Z" },
    { url = "https://files.pythonhosted.org/packages/6d/5e/7ce63a67026ff547ac99710723b41447fa83f26ec010c018faee6ff36199/hypothesis-6.156.1-cp311-cp311-macosx_11_0_arm64.whl", hash = "sha256:a712d98f79b8ef14247ff336c4ce1f81d3958bb80b9f0b5cf61c7afc356d2cb3", size = 743704, upload-time = "2026-07-03T14:30:39.2Z" },
    { url = "https://files.pythonhosted.org/packages/44/01/04757dea40ea3e3a9da566044bdd176e873149cdfc3903ac18aa3786db86/hypothesis-6.156.1-cp311-cp311-manylinux_2_17_aarch64.manylinux2014_aarch64.whl", hash = "sha256:ea85fd8ca7be7acbba36c63de7a1450e8e267a29ed3a117a037e638be244c5b6", size = 1070931, upload-time = "2026-07-03T14:31:15.454Z" },
    { url = "https://files.pythonhosted.org/packages/3a/bf/373cb4e14cc5014b33bf2e26720f983cd93da98964397ca92dc7ef07250f/hypothesis-6.156.1-cp311-cp311-manylinux_2_17_x86_64.manylinux2014_x86_64.whl", hash = "sha256:7da5067440cdc83e042ee8d60c3b0b76201dace66dd385f9d4057bdeda8c4f15", size = 1120661, upload-time = "2026-07-03T14:31:02.722Z" },
    { url = "https://files.pythonhosted.org/packages/28/e8/fd9dbacec4532a9c6815d8babeb36e4828673904a0ebc71fc6bb3915e34a/hypothesis-6.156.1-cp311-cp311-musllinux_1_2_aarch64.whl", hash = "sha256:92f70ba9a29970315916f42cea4f708f5f3019665b7f18034acf2d07d1a82476", size = 1245245, upload-time = "2026-07-03T14:31:07.941Z" },
    { url = "https://files.pythonhosted.org/packages/42/ee/1e372225c844dce2a95c4dc1bf4d41813c14ee7856b0653db168e5714e79/hypothesis-6.156.1-cp311-cp311-musllinux_1_2_x86_64.whl", hash = "sha256:49bbeaa5efb1abb596f9e4d3a733be400a8e485db53134ef7cd78b4a3f3c3be7", size = 1287877, upload-time = "2026-07-03T14:30:51.403Z" },
    { url = "https://files.pythonhosted.org/packages/84/bd/1e4ae081682a95c141dde10b708711000cf41a8337504c70537a73c66df2/hypothesis-6.156.1-cp311-cp311-win_amd64.whl", hash = "sha256:b386bb3f149ec238dbc4cbfa8ddbae858ad16f489da62db9e3326c9591efb2d6", size = 640180, upload-time = "2026-07-03T14:30:46.336Z" },
    { url = "https://files.pythonhosted.org/packages/d0/3d/1a0e54652f1b3cad354949ba83f6ab211048ff3a6cfb24edcddc748a8be1/hypothesis-6.156.1-cp312-cp312-macosx_10_12_x86_64.whl", hash = "sha256:0409dea0c0b48705cad8413468282af9c5e7d3a017b6c2b94ef80e7ba4b64862", size = 749005, upload-time = "2026-07-03T14:30:26.045Z" },
    { url = "https://files.pythonhosted.org/packages/a0/e5/c8b6084023faabef7612ea0169fd4df565fdc5fd73f47484e5edf03640fb/hypothesis-6.156.1-cp312-cp312-macosx_11_0_arm64.whl", hash = "sha256:72b9305414c20802540ec0cd798478c9e06c8a248ce32d7df04722b64d7150ad", size = 741899, upload-time = "2026-07-03T14:30:34.442Z" },
    { url = "https://files.pythonhosted.org/packages/48/ac/51644c53ae055a3a3411906cc8e41e5dd53af487ca76465342256e4f18c1/hypothesis-6.156.1-cp312-cp312-manylinux_2_17_aarch64.manylinux2014_aarch64.whl", hash = "sha256:40584eed6a57c402d8ab32ea5c1779bae6f7390ff33d073c876e09dc8af31941", size = 1069788, upload-time = "2026-07-03T14:31:24.552Z" },
    { url = "https://files.pythonhosted.org/packages/cc/43/d2ec198fa56f72f8690563247e5e71a81cf5f1c9c42e977008b76338803f/hypothesis-6.156.1-cp312-cp312-manylinux_2_17_x86_64.manylinux2014_x86_64.whl", hash = "sha256:76f2aaa6725185f16a8fa7b58e0ba5d5119cafa33eae5e5dec996d6a28cd9dc6", size = 1119541, upload-time = "2026-07-03T14:30:15.15Z" },
    { url = "https://files.pythonhosted.org/packages/d1/a0/ba8a1bf72988e7b8b743b4f4f30705fe1c2128780a7d93b203cdeb6bae79/hypothesis-6.156.1-cp312-cp312-musllinux_1_2_aarch64.whl", hash = "sha256:bac95ae29f7850a923f43bc7e21bbc7ee8b8094bbf07691be4f153e537b5d3db", size = 1243864, upload-time = "2026-07-03T14:30:47.869Z" },
    { url = "https://files.pythonhosted.org/packages/74/a3/f30ebb96f099f19e71361aefb233542f3763a0fb7c0ba3c84513c353b065/hypothesis-6.156.1-cp312-cp312-musllinux_1_2_x86_64.whl", hash = "sha256:8159b5e93a7724920cf55dd4ec743a84fc9c3c457a6736a92283aa4068f54daa", size = 1286401, upload-time = "2026-07-03T14:30:07.762Z" },
    { url = "https://files.pythonhosted.org/packages/ab/a9/19b36a5deb78217f4f6214c7be36a14cf2da8b29392199bcd18a0628b9b8/hypothesis-6.156.1-cp312-cp312-win_amd64.whl", hash = "sha256:d8e7deed3bc76c8c12c30e092e228a6978180f2bcab9483f5fb22240cd8eaa7d", size = 637634, upload-time = "2026-07-03T14:30:40.794Z" },
    { url = "https://files.pythonhosted.org/packages/d5/f7/6f0e4186a6575abddb19047e69cb0042252be27d0be0ddc3528bf3a81edd/hypothesis-6.156.1-cp313-cp313-macosx_10_12_x86_64.whl", hash = "sha256:da65e6be5461cac9d9d7f98f43d24afb5441932502e4d1b240738aaef84e95d9", size = 749428, upload-time = "2026-07-03T14:31:04.364Z" },
    { url = "https://files.pythonhosted.org/packages/a2/0c/d45d778b14f22270ac1218faf4ec7de2e9e30d3e40fd91ad86d6b6b5259e/hypothesis-6.156.1-cp313-cp313-macosx_11_0_arm64.whl", hash = "sha256:612277e6344defe39012812d5ae620d6323e11fa62c424d64633dfa09caaa387", size = 742070, upload-time = "2026-07-03T14:30:09.175Z" },
    { url = "https://files.pythonhosted.org/packages/e5/8a/9c6863eae555c674e3ab2b7ac738f50350d176f88e7a5ac4fe85340b126f/hypothesis-6.156.1-cp313-cp313-manylinux_2_17_aarch64.manylinux2014_aarch64.whl", hash = "sha256:3a593ad462c61f252d661ccc3a1093406cf9ca5a26a6b30cefd8911075d508c8", size = 1069945, upload-time = "2026-07-03T14:30:27.45Z" },
    { url = "https://files.pythonhosted.org/packages/eb/98/44d9ee83542e5cb50c07387091bd2dcfb2d0f9d7eaadd78357ae0962e76d/hypothesis-6.156.1-cp313-cp313-manylinux_2_17_x86_64.manylinux2014_x86_64.whl", hash = "sha256:4a48cdb91afa09958926a364d241d00b08ece1d105bcd48e0b433428c7b4c29b", size = 1119946, upload-time = "2026-07-03T14:30:58.939Z" },
    { url = "https://files.pythonhosted.org/packages/09/00/03957d11e4602e60982b535bf107a1995e712e797e32ca5cc9fe53daa11c/hypothesis-6.156.1-cp313-cp313-musllinux_1_2_aarch64.whl", hash = "sha256:72d4115ed2c4da2cc30189026eacd27c81e0891ec4ba9fff6719e0f47874d65c", size = 1244030, upload-time = "2026-07-03T14:30:53.641Z" },
    { url = "https://files.pythonhosted.org/packages/14/e3/149c3b9de0f9125becdf266af9eba6934885818867c93a457af60d4a3725/hypothesis-6.156.1-cp313-cp313-musllinux_1_2_x86_64.whl", hash = "sha256:f1e1fecee9c79956ac5e7c38cb1d1374bf22fd4066ff6a9664d45d13a09251b1", size = 1286679, upload-time = "2026-07-03T14:30:57.516Z" },
    { url = "https://files.pythonhosted.org/packages/3f/1c/f1a35abd3e5ef45badc3d8a128bb133725f6a93c9aa4eadc27db9d6c54c3/hypothesis-6.156.1-cp313-cp313-win_amd64.whl", hash = "sha256:32f512f6028ab2d4c56208b2edebefe384ab78a5880b098b039c65e9d08b62f7", size = 637909, upload-time = "2026-07-03T14:30:04.12Z" },
    { url = "https://files.pythonhosted.org/packages/c7/60/f81bc004dafc83f4fd3aee41c65ec6140481a4666495229c0102c636e74b/hypothesis-6.156.1-cp314-cp314-macosx_10_12_x86_64.whl", hash = "sha256:3340f22fd71e615f9bca4499bddd7cc4e0987b08a8b4fc38f688aaac416c2aaf", size = 749464, upload-time = "2026-07-03T14:31:17.171Z" },
    { url = "https://files.pythonhosted.org/packages/74/5d/f884c2e908f5a888b22a6606368130fdf822565430e9eefcde5e765640dd/hypothesis-6.156.1-cp314-cp314-macosx_11_0_arm64.whl", hash = "sha256:19612761d128cd15d41e414389da6b65c1883db1f358025a4c1b2df96ba2dfb0", size = 742283, upload-time = "2026-07-03T14:31:06.23Z" },
    { url = "https://files.pythonhosted.org/packages/b2/2e/8843ca9d7103692c06b912aaa06cc664d3cb3c764a44fb2feeb702b3b704/hypothesis-6.156.1-cp314-cp314-manylinux_2_17_aarch64.manylinux2014_aarch64.whl", hash = "sha256:c86c00cefcf58793aebb24238247398ad5d9ce281615329293d926d794e6fe5f", size = 1070136, upload-time = "2026-07-03T14:30:19.907Z" },
    { url = "https://files.pythonhosted.org/packages/62/62/7a1b308b3977e3d3c1920828c5fc5a440caf8036b0d9df2e9ab7722682f8/hypothesis-6.156.1-cp314-cp314-manylinux_2_17_x86_64.manylinux2014_x86_64.whl", hash = "sha256:047a0a6613ff06f191d9b1c7623a9b781baddc0fdebad531157d1417fa876627", size = 1120112, upload-time = "2026-07-03T14:31:13.563Z" },
    { url = "https://files.pythonhosted.org/packages/cd/13/7c691582cd5b0de6314fd712ce5e69960985a89e4f619b0c4b36c8845ce2/hypothesis-6.156.1-cp314-cp314-musllinux_1_2_aarch64.whl", hash = "sha256:9ace8e1e885b20ae129c68ff14e86edd55771a30559561b261a15bd8c17edd36", size = 1244289, upload-time = "2026-07-03T14:31:19.175Z" },
    { url = "https://files.pythonhosted.org/packages/d0/ac/d15a7a9820ca05ef7a4e8d9dc95e9a0a70cd91fb8d021913888c69801c60/hypothesis-6.156.1-cp314-cp314-musllinux_1_2_x86_64.whl", hash = "sha256:eb093affaa2257f9fd2d6542b5e242f5b9512bc1009a4f563ade91e30c298e0c", size = 1287201, upload-time = "2026-07-03T14:30:13.526Z" },
    { url = "https://files.pythonhosted.org/packages/1b/ca/dcd80b4606d97b5dba2775526aa89a7735086559c5a80eaf5bf60610bc10/hypothesis-6.156.1-cp314-cp314-pyemscripten_2026_0_wasm32.whl", hash = "sha256:209b76dab690e2182599a83c079475115d69dd2c16aed38a57bb9db376ba4195", size = 586417, upload-time = "2026-07-03T14:30:42.657Z" },
    { url = "https://files.pythonhosted.org/packages/bd/b3/555c291b24b9b1f2e6a712d485ad8c52bbe3e31e79a8a509adc5213e42aa/hypothesis-6.156.1-cp314-cp314-win_amd64.whl", hash = "sha256:1ea0711ac7792e3ade5dfe8a6a762eec64ddb79cd00fe63ff34f17fde0ce8109", size = 637729, upload-time = "2026-07-03T14:31:20.948Z" },
    { url = "https://files.pythonhosted.org/packages/1b/a4/25f26e0ed769c127b049b4fb8c9378e74d07a37a44c5938e4f6518710ef6/hypothesis-6.156.1-cp314-cp314t-macosx_10_12_x86_64.whl", hash = "sha256:9b664a859ed5567bd2c0d804da4d96035e14caa15d91062cc50fcd758dc44111", size = 747497, upload-time = "2026-07-03T14:30:21.338Z" },
    { url = "https://files.pythonhosted.org/packages/62/11/25f20b1cdbd8fc73fd8c0603aa4e817da7384400347f6d63ef569c56111e/hypothesis-6.156.1-cp314-cp314t-macosx_11_0_arm64.whl", hash = "sha256:23acc5f333ce6bd2d888e7c6a33779b5c6cff42dac654f3209e9fa552103c3ba", size = 740841, upload-time = "2026-07-03T14:30:37.706Z" },
    { url = "https://files.pythonhosted.org/packages/43/aa/9967dd9380d72d44a7973f7893383145f04277896554ebb2872ae9658de6/hypothesis-6.156.1-cp314-cp314t-manylinux_2_17_aarch64.manylinux2014_aarch64.whl", hash = "sha256:15762876a64c66bd6ed18eb95fd8018df93b6961eb0b6c25e63409af9cb672c0", size = 1069108, upload-time = "2026-07-03T14:30:06.363Z" },
    { url = "https://files.pythonhosted.org/packages/60/6e/27999d70710a1d0d9440c1db59db385c63ed2dccca6ade5fe53258e9566f/hypothesis-6.156.1-cp314-cp314t-manylinux_2_17_x86_64.manylinux2014_x86_64.whl", hash = "sha256:4bab29b39b13603583c9874c38907071f333e7af0c48686af8c8f97f7a6a2398", size = 1119177, upload-time = "2026-07-03T14:31:09.67Z" },
    { url = "https://files.pythonhosted.org/packages/39/45/fbaaae29a5650da6322737eeb085c78a4eb9066f815862c24c63a25dd5eb/hypothesis-6.156.1-cp314-cp314t-musllinux_1_2_aarch64.whl", hash = "sha256:3c8831d5748394cab5ab81b3d469bcc543e7b8e1fc8422ed26a80e16b1e51c1b", size = 1243078, upload-time = "2026-07-03T14:30:10.678Z" },
    { url = "https://files.pythonhosted.org/packages/53/9d/2db20037da6b206701ec22d6bb67d4393e4807281885663979fe7a5ff869/hypothesis-6.156.1-cp314-cp314t-musllinux_1_2_x86_64.whl", hash = "sha256:18ef80bdd7422e7823d8da99240c8804708bd44eeeed370fc8a71db56670e1dc", size = 1285519, upload-time = "2026-07-03T14:30:36.172Z" },
    { url = "https://files.pythonhosted.org/packages/d2/de/4fbc6afc03cb7098f51bea5be6300c7e13fc679c3c2d12cd40629a27278d/hypothesis-6.156.1-cp314-cp314t-win_amd64.whl", hash = "sha256:122963f511d31fb96254a5b3f0b8e3b9c3b9d2b05e10d9e67eca43e573d52d0f", size = 637822, upload-time = "2026-07-03T14:30:31.248Z" },
    { url = "https://files.pythonhosted.org/packages/03/4f/7538f785ee0ae5a7e2c959e875b3e48210698d91cc99b5802471d87500bb/hypothesis-6.156.1-pp311-pypy311_pp73-macosx_10_12_x86_64.whl", hash = "sha256:9d2c65a1294a1e58646f5437cf7924e08ccadf52689e66968960f86d684ecb31", size = 749719, upload-time = "2026-07-03T14:30:24.399Z" },
    { url = "https://files.pythonhosted.org/packages/e4/12/af4c5f049c5b3038dcd4f0f488d6b85d09a9a466c03951efbe39af2f9e9e/hypothesis-6.156.1-pp311-pypy311_pp73-macosx_11_0_arm64.whl", hash = "sha256:4113a2c5044f79ac961b92e5cbbf4ac6f48ae30a4fd0c8e434fd4b6110041ba9", size = 744324, upload-time = "2026-07-03T14:30:23.018Z" },
    { url = "https://files.pythonhosted.org/packages/6c/3b/7734d825fda8fb24b94f10c9b00a8851aa86a387d83490a14d3a3ad5e2a1/hypothesis-6.156.1-pp311-pypy311_pp73-manylinux_2_17_aarch64.manylinux2014_aarch64.whl", hash = "sha256:953553556920478bad3ed8148ae83a383528ada6b6d5b18d25e20baad45980d3", size = 1071349, upload-time = "2026-07-03T14:30:44.195Z" },
    { url = "https://files.pythonhosted.org/packages/6b/c2/9cd29826a58e88589f2e0603c7f1d4f9251fa4bce6ec3c0ca8d87842f41e/hypothesis-6.156.1-pp311-pypy311_pp73-manylinux_2_17_x86_64.manylinux2014_x86_64.whl", hash = "sha256:2edd308e6907cb31854f8c0879235572c8e9d580bc31291bb1f6246d4242b56b", size = 1121411, upload-time = "2026-07-03T14:30:18.461Z" },
    { url = "https://files.pythonhosted.org/packages/eb/97/9cadecbfab29d294860b2c892e6c87437ed89611762531addaabae562a07/hypothesis-6.156.1-pp311-pypy311_pp73-win_amd64.whl", hash = "sha256:71a8449f5da886aea7eae097aa8c97fceb5e9e28fb2b268e46e3cbae2ce3cda9", size = 640781, upload-time = "2026-07-03T14:30:33.003Z" },
]

[[package]]
name = "iniconfig"
version = "2.3.0"
source = { registry = "https://pypi.org/simple" }
sdist = { url = "https://files.pythonhosted.org/packages/72/34/14ca021ce8e5dfedc35312d08ba8bf51fdd999c576889fc2c24cb97f4f10/iniconfig-2.3.0.tar.gz", hash = "sha256:c76315c77db068650d49c5b56314774a7804df16fee4402c1f19d6d15d8c4730", size = 20503, upload-time = "2025-10-18T21:55:43.219Z" }
wheels = [
    { url = "https://files.pythonhosted.org/packages/cb/b1/3846dd7f199d53cb17f49cba7e651e9ce294d8497c8c150530ed11865bb8/iniconfig-2.3.0-py3-none-any.whl", hash = "sha256:f631c04d2c48c52b84d0d0549c99ff3859c98df65b3101406327ecc7d53fbf12", size = 7484, upload-time = "2025-10-18T21:55:41.639Z" },
]

[[package]]
name = "jshookz-xrpl-codec-tests"
version = "0.0.1"
source = { virtual = "." }
dependencies = [
    { name = "hypothesis" },
    { name = "pytest" },
]

[package.metadata]
requires-dist = [
    { name = "hypothesis", specifier = ">=6.156.1" },
    { name = "pytest" },
]

[[package]]
name = "packaging"
version = "26.0"
source = { registry = "https://pypi.org/simple" }
sdist = { url = "https://files.pythonhosted.org/packages/65/ee/299d360cdc32edc7d2cf530f3accf79c4fca01e96ffc950d8a52213bd8e4/packaging-26.0.tar.gz", hash = "sha256:00243ae351a257117b6a241061796684b084ed1c516a08c48a3f7e147a9d80b4", size = 143416, upload-time = "2026-01-21T20:50:39.064Z" }
wheels = [
    { url = "https://files.pythonhosted.org/packages/b7/b9/c538f279a4e237a006a2c98387d081e9eb060d203d8ed34467cc0f0b9b53/packaging-26.0-py3-none-any.whl", hash = "sha256:b36f1fef9334a5588b4166f8bcd26a14e521f2b55e6b9de3aaa80d3ff7a37529", size = 74366, upload-time = "2026-01-21T20:50:37.788Z" },
]

[[package]]
name = "pluggy"
version = "1.6.0"
source = { registry = "https://pypi.org/simple" }
sdist = { url = "https://files.pythonhosted.org/packages/f9/e2/3e91f31a7d2b083fe6ef3fa267035b518369d9511ffab804f839851d2779/pluggy-1.6.0.tar.gz", hash = "sha256:7dcc130b76258d33b90f61b658791dede3486c3e6bfb003ee5c9bfb396dd22f3", size = 69412, upload-time = "2025-05-15T12:30:07.975Z" }
wheels = [
    { url = "https://files.pythonhosted.org/packages/54/20/4d324d65cc6d9205fabedc306948156824eb9f0ee1633355a8f7ec5c66bf/pluggy-1.6.0-py3-none-any.whl", hash = "sha256:e920276dd6813095e9377c0bc5566d94c932c33b27a3e3945d8389c374dd4746", size = 20538, upload-time = "2025-05-15T12:30:06.134Z" },
]

[[package]]
name = "pygments"
version = "2.20.0"
source = { registry = "https://pypi.org/simple" }
sdist = { url = "https://files.pythonhosted.org/packages/c3/b2/bc9c9196916376152d655522fdcebac55e66de6603a76a02bca1b6414f6c/pygments-2.20.0.tar.gz", hash = "sha256:6757cd03768053ff99f3039c1a36d6c0aa0b263438fcab17520b30a303a82b5f", size = 4955991, upload-time = "2026-03-29T13:29:33.898Z" }
wheels = [
    { url = "https://files.pythonhosted.org/packages/f4/7e/a72dd26f3b0f4f2bf1dd8923c85f7ceb43172af56d63c7383eb62b332364/pygments-2.20.0-py3-none-any.whl", hash = "sha256:81a9e26dd42fd28a23a2d169d86d7ac03b46e2f8b59ed4698fb4785f946d0176", size = 1231151, upload-time = "2026-03-29T13:29:30.038Z" },
]

[[package]]
name = "pytest"
version = "9.0.2"
source = { registry = "https://pypi.org/simple" }
dependencies = [
    { name = "colorama", marker = "sys_platform == 'win32'" },
    { name = "iniconfig" },
    { name = "packaging" },
    { name = "pluggy" },
    { name = "pygments" },
]
sdist = { url = "https://files.pythonhosted.org/packages/d1/db/7ef3487e0fb0049ddb5ce41d3a49c235bf9ad299b6a25d5780a89f19230f/pytest-9.0.2.tar.gz", hash = "sha256:75186651a92bd89611d1d9fc20f0b4345fd827c41ccd5c299a868a05d70edf11", size = 1568901, upload-time = "2025-12-06T21:30:51.014Z" }
wheels = [
    { url = "https://files.pythonhosted.org/packages/3b/ab/b3226f0bd7cdcf710fbede2b3548584366da3b19b5021e74f5bde2a8fa3f/pytest-9.0.2-py3-none-any.whl", hash = "sha256:711ffd45bf766d5264d487b917733b453d917afd2b0ad65223959f59089f875b", size = 374801, upload-time = "2025-12-06T21:30:49.154Z" },
]

[[package]]
name = "sortedcontainers"
version = "2.4.0"
source = { registry = "https://pypi.org/simple" }
sdist = { url = "https://files.pythonhosted.org/packages/e8/c4/ba2f8066cceb6f23394729afe52f3bf7adec04bf9ed2c820b39e19299111/sortedcontainers-2.4.0.tar.gz", hash = "sha256:25caa5a06cc30b6b83d11423433f65d1f9d76c4c6a0c90e3379eaa43b9bfdb88", size = 30594, upload-time = "2021-05-16T22:03:42.897Z" }
wheels = [
    { url = "https://files.pythonhosted.org/packages/32/46/9cb0e58b2deb7f82b84065f37f3bffeb12413f947f9388e4cac22c4621ce/sortedcontainers-2.4.0-py2.py3-none-any.whl", hash = "sha256:a163dcaede0f1c021485e957a39245190e74249897e2ae4b2aa38595db237ee0", size = 29575, upload-time = "2021-05-16T22:03:41.177Z" },
]
